
Microsoft Visual Studio Solution File, Format Version 12.00
# Visual Studio Version 17
VisualStudioVersion = 17.14.36401.2 d17.14
MinimumVisualStudioVersion = 10.0.40219.1
Project("{FAE04EC0-301F-11D3-BF4B-00C04F79EFBC}") = "EmployeeRepository", "EmployeeRepository\EmployeeRepository.csproj", "{52D23CFC-34C6-4718-A28C-FF02AA5593AB}"
EndProject
Project("{FAE04EC0-301F-11D3-BF4B-00C04F79EFBC}") = "EmployeeManagement.Tests", "EmployeeManagement.Tests\EmployeeManagement.Tests.csproj", "{4D5AA257-6ECC-4F21-BE71-6A00E1E890D6}"
EndProject
Global
	GlobalSection(SolutionConfigurationPlatforms) = preSolution
		Debug|Any CPU = Debug|Any CPU
		Release|Any CPU = Release|Any CPU
	EndGlobalSection
	GlobalSection(ProjectConfigurationPlatforms) = postSolution
		{52D23CFC-34C6-4718-A28C-FF02AA5593AB}.Debug|Any CPU.ActiveCfg = Debug|Any CPU
		{52D23CFC-34C6-4718-A28C-FF02AA5593AB}.Debug|Any CPU.Build.0 = Debug|Any CPU
		{52D23CFC-34C6-4718-A28C-FF02AA5593AB}.Release|Any CPU.ActiveCfg = Release|Any CPU
		{52D23CFC-34C6-4718-A28C-FF02AA5593AB}.Release|Any CPU.Build.0 = Release|Any CPU
		{4D5AA257-6ECC-4F21-BE71-6A00E1E890D6}.Debug|Any CPU.ActiveCfg = Debug|Any CPU
		{4D5AA257-6ECC-4F21-BE71-6A00E1E890D6}.Debug|Any CPU.Build.0 = Debug|Any CPU
		{4D5AA257-6ECC-4F21-BE71-6A00E1E890D6}.Release|Any CPU.ActiveCfg = Release|Any CPU
		{4D5AA257-6ECC-4F21-BE71-6A00E1E890D6}.Release|Any CPU.Build.0 = Release|Any CPU
	EndGlobalSection
	GlobalSection(SolutionProperties) = preSolution
		HideSolutionNode = FALSE
	EndGlobalSection
	GlobalSection(ExtensibilityGlobals) = postSolution
		SolutionGuid = {7079D2DC-68A7-450C-853B-C25B00F71BD1}
	EndGlobalSection
EndGlobal
