
Microsoft Visual Studio Solution File, Format Version 12.00
# Visual Studio Version 17
VisualStudioVersion = 17.14.36401.2 d17.14
MinimumVisualStudioVersion = 10.0.40219.1
Project("{FAE04EC0-301F-11D3-BF4B-00C04F79EFBC}") = "SpecflowTestDemo", "SpecflowTestDemo\SpecflowTestDemo.csproj", "{634BF720-7E3A-439C-B1A2-04FBBE90C6F0}"
EndProject
Global
	GlobalSection(SolutionConfigurationPlatforms) = preSolution
		Debug|Any CPU = Debug|Any CPU
		Release|Any CPU = Release|Any CPU
	EndGlobalSection
	GlobalSection(ProjectConfigurationPlatforms) = postSolution
		{634BF720-7E3A-439C-B1A2-04FBBE90C6F0}.Debug|Any CPU.ActiveCfg = Debug|Any CPU
		{634BF720-7E3A-439C-B1A2-04FBBE90C6F0}.Debug|Any CPU.Build.0 = Debug|Any CPU
		{634BF720-7E3A-439C-B1A2-04FBBE90C6F0}.Release|Any CPU.ActiveCfg = Release|Any CPU
		{634BF720-7E3A-439C-B1A2-04FBBE90C6F0}.Release|Any CPU.Build.0 = Release|Any CPU
	EndGlobalSection
	GlobalSection(SolutionProperties) = preSolution
		HideSolutionNode = FALSE
	EndGlobalSection
	GlobalSection(ExtensibilityGlobals) = postSolution
		SolutionGuid = {6822C66C-3237-4B72-B365-52BC2DB4CD38}
	EndGlobalSection
EndGlobal
